<?xml version="1.0" encoding="utf-8"?>
<Project ToolsVersion="4.0" xmlns="http://schemas.microsoft.com/developer/msbuild/2003">
  <ItemGroup>
    <Filter Include="Source Files">
      <UniqueIdentifier>{4FC737F1-C7A5-4376-A066-2A32D752A2FF}</UniqueIdentifier>
      <Extensions>cpp;c;cc;cxx;def;odl;idl;hpj;bat;asm;asmx</Extensions>
    </Filter>
    <Filter Include="Header Files">
      <UniqueIdentifier>{93995380-89BD-4b04-88EB-625FBE52EBFB}</UniqueIdentifier>
      <Extensions>h;hh;hpp;hxx;hm;inl;inc;xsd</Extensions>
    </Filter>
    <Filter Include="Resource Files">
      <UniqueIdentifier>{67DA6AB6-F800-4c08-8B7A-83BB121AAD01}</UniqueIdentifier>
      <Extensions>rc;ico;cur;bmp;dlg;rc2;rct;bin;rgs;gif;jpg;jpeg;jpe;resx;tiff;tif;png;wav;mfcribbon-ms</Extensions>
    </Filter>
  </ItemGroup>
  <ItemGroup>
    <Text Include="ReadMe.txt" />
  </ItemGroup>
  <ItemGroup>
    <ClInclude Include="stdafx.h">
      <Filter>Header Files</Filter>
    </ClInclude>
    <ClInclude Include="CTime.h">
      <Filter>Header Files</Filter>
    </ClInclude>
    <ClInclude Include="Date.h">
      <Filter>Header Files</Filter>
    </ClInclude>
    <ClInclude Include="DateTime.h">
      <Filter>Header Files</Filter>
    </ClInclude>
    <ClInclude Include="Dew.h">
      <Filter>Header Files</Filter>
    </ClInclude>
    <ClInclude Include="Parameters.h">
      <Filter>Header Files</Filter>
    </ClInclude>
    <ClInclude Include="Vegetation.h">
      <Filter>Header Files</Filter>
    </ClInclude>
    <ClInclude Include="Snow.h">
      <Filter>Header Files</Filter>
    </ClInclude>
    <ClInclude Include="HBV.h">
      <Filter>Header Files</Filter>
    </ClInclude>
    <ClInclude Include="KinematicWave.h">
      <Filter>Header Files</Filter>
    </ClInclude>
    <ClInclude Include="LakeWaterBalance.h">
      <Filter>Header Files</Filter>
    </ClInclude>
    <ClInclude Include="GlacierIce.h">
      <Filter>Header Files</Filter>
    </ClInclude>
    <ClInclude Include="Routing.h">
      <Filter>Header Files</Filter>
    </ClInclude>
    <ClInclude Include="LandAtmosphereInterface.h">
      <Filter>Header Files</Filter>
    </ClInclude>
    <ClInclude Include="GlacierElements.h">
      <Filter>Header Files</Filter>
    </ClInclude>
    <ClInclude Include="Glacier.h">
      <Filter>Header Files</Filter>
    </ClInclude>
    <ClInclude Include="Albedo.h">
      <Filter>Header Files</Filter>
    </ClInclude>
    <ClInclude Include="Atmosphere.h">
      <Filter>Header Files</Filter>
    </ClInclude>
    <ClInclude Include="PenmanMonteith.h">
      <Filter>Header Files</Filter>
    </ClInclude>
    <ClInclude Include="SubCatchment.h">
      <Filter>Header Files</Filter>
    </ClInclude>
    <ClInclude Include="DistributedElement.h">
      <Filter>Header Files</Filter>
    </ClInclude>
    <ClInclude Include="ParametersLandSurface.h">
      <Filter>Header Files</Filter>
    </ClInclude>
    <ClInclude Include="ParametersSubSurfaceHbv.h">
      <Filter>Header Files</Filter>
    </ClInclude>
    <ClInclude Include="ParametersGeneral.h">
      <Filter>Header Files</Filter>
    </ClInclude>
    <ClInclude Include="ParametersKiWa.h">
      <Filter>Header Files</Filter>
    </ClInclude>
    <ClInclude Include="ParametersGlacierRetreat.h">
      <Filter>Header Files</Filter>
    </ClInclude>
    <ClInclude Include="SelectedHbvTimeSeriesElements.h">
      <Filter>Header Files</Filter>
    </ClInclude>
    <ClInclude Include="SelectedSubCatchmentTimeSeriesElements.h">
      <Filter>Header Files</Filter>
    </ClInclude>
    <ClInclude Include="TotalReservoirStorage.h">
      <Filter>Header Files</Filter>
    </ClInclude>
    <ClInclude Include="MeteorologicalStations.h">
      <Filter>Header Files</Filter>
    </ClInclude>
    <ClInclude Include="InputTimeSeries.h">
      <Filter>Header Files</Filter>
    </ClInclude>
    <ClInclude Include="SelectedKiWaTimeSeriesElements.h">
      <Filter>Header Files</Filter>
    </ClInclude>
    <ClInclude Include="InputElement.h">
      <Filter>Header Files</Filter>
    </ClInclude>
    <ClInclude Include="ModelControl.h">
      <Filter>Header Files</Filter>
    </ClInclude>
    <ClInclude Include="Lake.h">
      <Filter>Header Files</Filter>
    </ClInclude>
    <ClInclude Include="HbvAquifer.h">
      <Filter>Header Files</Filter>
    </ClInclude>
    <ClInclude Include="KwaAquifer.h">
      <Filter>Header Files</Filter>
    </ClInclude>
    <ClInclude Include="Util.h">
      <Filter>Header Files</Filter>
    </ClInclude>
  </ItemGroup>
  <ItemGroup>
    <ClCompile Include="stdafx.cpp">
      <Filter>Source Files</Filter>
    </ClCompile>
    <ClCompile Include="Dew.cpp">
      <Filter>Source Files</Filter>
    </ClCompile>
    <ClCompile Include="CTime.cpp">
      <Filter>Source Files</Filter>
    </ClCompile>
    <ClCompile Include="Date.cpp">
      <Filter>Source Files</Filter>
    </ClCompile>
    <ClCompile Include="DateTime.cpp">
      <Filter>Source Files</Filter>
    </ClCompile>
    <ClCompile Include="Parameters.cpp">
      <Filter>Source Files</Filter>
    </ClCompile>
    <ClCompile Include="Vegetation.cpp">
      <Filter>Source Files</Filter>
    </ClCompile>
    <ClCompile Include="Snow.cpp">
      <Filter>Source Files</Filter>
    </ClCompile>
    <ClCompile Include="HBV.cpp">
      <Filter>Source Files</Filter>
    </ClCompile>
    <ClCompile Include="KinematicWave.cpp">
      <Filter>Source Files</Filter>
    </ClCompile>
    <ClCompile Include="LakeWaterBalance.cpp">
      <Filter>Source Files</Filter>
    </ClCompile>
    <ClCompile Include="GlacierIce.cpp">
      <Filter>Source Files</Filter>
    </ClCompile>
    <ClCompile Include="Routing.cpp">
      <Filter>Source Files</Filter>
    </ClCompile>
    <ClCompile Include="LandAtmosphereInterface.cpp">
      <Filter>Source Files</Filter>
    </ClCompile>
    <ClCompile Include="GlacierElements.cpp">
      <Filter>Source Files</Filter>
    </ClCompile>
    <ClCompile Include="Glacier.cpp">
      <Filter>Source Files</Filter>
    </ClCompile>
    <ClCompile Include="Albedo.cpp">
      <Filter>Source Files</Filter>
    </ClCompile>
    <ClCompile Include="Atmosphere.cpp">
      <Filter>Source Files</Filter>
    </ClCompile>
    <ClCompile Include="PenmanMonteith.cpp">
      <Filter>Source Files</Filter>
    </ClCompile>
    <ClCompile Include="SubCatchment.cpp">
      <Filter>Source Files</Filter>
    </ClCompile>
    <ClCompile Include="DistributedElement.cpp">
      <Filter>Source Files</Filter>
    </ClCompile>
    <ClCompile Include="ParametersLandSurface.cpp">
      <Filter>Source Files</Filter>
    </ClCompile>
    <ClCompile Include="ParametersSubSurfaceHbv.cpp">
      <Filter>Source Files</Filter>
    </ClCompile>
    <ClCompile Include="ParametersGeneral.cpp">
      <Filter>Source Files</Filter>
    </ClCompile>
    <ClCompile Include="ParametersKiWa.cpp">
      <Filter>Source Files</Filter>
    </ClCompile>
    <ClCompile Include="ParametersGlacierRetreat.cpp">
      <Filter>Source Files</Filter>
    </ClCompile>
    <ClCompile Include="SelectedHbvTimeSeriesElements.cpp">
      <Filter>Source Files</Filter>
    </ClCompile>
    <ClCompile Include="SelectedSubCatchmentTimeSeriesElements.cpp">
      <Filter>Source Files</Filter>
    </ClCompile>
    <ClCompile Include="TotalReservoirStorage.cpp">
      <Filter>Source Files</Filter>
    </ClCompile>
    <ClCompile Include="MeteorologicalStations.cpp">
      <Filter>Source Files</Filter>
    </ClCompile>
    <ClCompile Include="InputTimeSeries.cpp">
      <Filter>Source Files</Filter>
    </ClCompile>
    <ClCompile Include="SelectedKiWaTimeSeriesElements.cpp">
      <Filter>Source Files</Filter>
    </ClCompile>
    <ClCompile Include="InputElement.cpp">
      <Filter>Source Files</Filter>
    </ClCompile>
    <ClCompile Include="ModelControl.cpp">
      <Filter>Source Files</Filter>
    </ClCompile>
    <ClCompile Include="Lake.cpp">
      <Filter>Source Files</Filter>
    </ClCompile>
    <ClCompile Include="HbvAquifer.cpp">
      <Filter>Source Files</Filter>
    </ClCompile>
    <ClCompile Include="KwaAquifer.cpp">
      <Filter>Source Files</Filter>
    </ClCompile>
    <ClCompile Include="Util.cpp">
      <Filter>Source Files</Filter>
    </ClCompile>
  </ItemGroup>
</Project>